PODS:
  - LibTorch (1.6.0):
    - LibTorch/Core (= 1.6.0)
  - LibTorch/Core (1.6.0):
    - LibTorch/Torch
  - LibTorch/Torch (1.6.0)

DEPENDENCIES:
  - LibTorch (~> 1.6.0)

SPEC REPOS:
  trunk:
    - LibTorch

SPEC CHECKSUMS:
  LibTorch: 5478f8eafc4915cc10502f68054018f99a2037b5

PODFILE CHECKSUM: e7eed41a3006f372a133afff85ccb8a04c6dc65b

COCOAPODS: 1.9.3
